[[package]]
name = "action"
version = "1.4.4"
description = "A command-line parser you won't hate"
category = "main"
optional = false
python-versions = "*"

[[package]]
name = "numpy"
version = "1.23.5"
description = "NumPy is the fundamental package for array computing with Python."
category = "main"
optional = false
python-versions = ">=3.8"

[[package]]
name = "pygame"
version = "2.1.2"
description = "Python Game Development"
category = "main"
optional = false
python-versions = ">=3.6"

[metadata]
lock-version = "1.1"
python-versions = "^3.8"
content-hash = "f919478984a236fcb941fa22050df1fc56620eb9c267e073a2c5adf64aa3def9"

[metadata.files]
action = []
numpy = []
pygame = []
